// !$*UTF8*$!
{
	archiveVersion = 1;
	classes = {
	};
	objectVersion = 46;
	objects = {

/* Begin PBXBuildFile section */
		29043C8019F00087007B02BC /* AWLImageView.m in Sources */ = {isa = PBXBuildFile; fileRef = 29043C7F19F00087007B02BC /* AWLImageView.m */; };
		29043CC719F07B30007B02BC /* AWLPickerImage.png in Resources */ = {isa = PBXBuildFile; fileRef = 29043CC619F07B30007B02BC /* AWLPickerImage.png */; };
		29043CC919F07B34007B02BC /* AWLPickerImage@2x.png in Resources */ = {isa = PBXBuildFile; fileRef = 29043CC819F07B34007B02BC /* AWLPickerImage@2x.png */; };
		294D27911A0BEC7D00645276 /* AWLPickerIcon@2x.png in Resources */ = {isa = PBXBuildFile; fileRef = 294D278F1A0BEC7D00645276 /* AWLPickerIcon@2x.png */; };
		294D27921A0BEC7D00645276 /* AWLPickerIcon.png in Resources */ = {isa = PBXBuildFile; fileRef = 294D27901A0BEC7D00645276 /* AWLPickerIcon.png */; };
		295DB46E19ED430400F809A6 /* AWLWindowController.xib in Resources */ = {isa = PBXBuildFile; fileRef = 295DB46D19ED430400F809A6 /* AWLWindowController.xib */; };
		295DB47119ED43D000F809A6 /* AWLWindowController.m in Sources */ = {isa = PBXBuildFile; fileRef = 295DB47019ED43D000F809A6 /* AWLWindowController.m */; };
		295DB47419ED47A600F809A6 /* AWLRenameWindow.m in Sources */ = {isa = PBXBuildFile; fileRef = 295DB47319ED47A600F809A6 /* AWLRenameWindow.m */; };
		295DB47719EDCC8C00F809A6 /* AWLInfoWindowController.m in Sources */ = {isa = PBXBuildFile; fileRef = 295DB47619EDCC8C00F809A6 /* AWLInfoWindowController.m */; };
		295DB47919EDCDAB00F809A6 /* AWLInfoWindowController.xib in Resources */ = {isa = PBXBuildFile; fileRef = 295DB47819EDCDAB00F809A6 /* AWLInfoWindowController.xib */; };
		296D039D191AC3E200B38771 /* AWLOptionsController.m in Sources */ = {isa = PBXBuildFile; fileRef = 296D039B191AC3E200B38771 /* AWLOptionsController.m */; };
		296D039E191AC3E200B38771 /* AWLOptionsWindow.xib in Resources */ = {isa = PBXBuildFile; fileRef = 296D039C191AC3E200B38771 /* AWLOptionsWindow.xib */; };
		2988BD06190AF3A7005786C0 /* NSImage+AWLColorPicker.m in Sources */ = {isa = PBXBuildFile; fileRef = 2988BD05190AF3A7005786C0 /* NSImage+AWLColorPicker.m */; };
		2988BD09190B2896005786C0 /* NSColor+AWLColorPicker.m in Sources */ = {isa = PBXBuildFile; fileRef = 2988BD08190B2896005786C0 /* NSColor+AWLColorPicker.m */; };
		29CFCFE11908508900EF00D8 /* AWLColorPicker.xib in Resources */ = {isa = PBXBuildFile; fileRef = 29CFCFE01908508900EF00D8 /* AWLColorPicker.xib */; };
		29CFCFE4190857E300EF00D8 /* AWLColorPicker.m in Sources */ = {isa = PBXBuildFile; fileRef = 29CFCFE3190857E300EF00D8 /* AWLColorPicker.m */; };
		29F6EF7419084617001155D1 /* Cocoa.framework in Frameworks */ = {isa = PBXBuildFile; fileRef = 29F6EF7319084617001155D1 /* Cocoa.framework */; };
/* End PBXBuildFile section */

/* Begin PBXFileReference section */
		29043C7E19F00087007B02BC /* AWLImageView.h */ = {isa = PBXFileReference; fileEncoding = 4; lastKnownFileType = sourcecode.c.h; path = AWLImageView.h; sourceTree = "<group>"; };
		29043C7F19F00087007B02BC /* AWLImageView.m */ = {isa = PBXFileReference; fileEncoding = 4; lastKnownFileType = sourcecode.c.objc; path = AWLImageView.m; sourceTree = "<group>"; };
		29043CC619F07B30007B02BC /* AWLPickerImage.png */ = {isa = PBXFileReference; lastKnownFileType = image.png; path = AWLPickerImage.png; sourceTree = "<group>"; };
		29043CC819F07B34007B02BC /* AWLPickerImage@2x.png */ = {isa = PBXFileReference; lastKnownFileType = image.png; path = "AWLPickerImage@2x.png"; sourceTree = "<group>"; };
		294D278F1A0BEC7D00645276 /* AWLPickerIcon@2x.png */ = {isa = PBXFileReference; lastKnownFileType = image.png; path = "AWLPickerIcon@2x.png"; sourceTree = "<group>"; };
		294D27901A0BEC7D00645276 /* AWLPickerIcon.png */ = {isa = PBXFileReference; lastKnownFileType = image.png; path = AWLPickerIcon.png; sourceTree = "<group>"; };
		295DB46D19ED430400F809A6 /* AWLWindowController.xib */ = {isa = PBXFileReference; fileEncoding = 4; lastKnownFileType = file.xib; path = AWLWindowController.xib; sourceTree = "<group>"; };
		295DB46F19ED43D000F809A6 /* AWLWindowController.h */ = {isa = PBXFileReference; fileEncoding = 4; lastKnownFileType = sourcecode.c.h; path = AWLWindowController.h; sourceTree = "<group>"; };
		295DB47019ED43D000F809A6 /* AWLWindowController.m */ = {isa = PBXFileReference; fileEncoding = 4; lastKnownFileType = sourcecode.c.objc; path = AWLWindowController.m; sourceTree = "<group>"; };
		295DB47219ED47A600F809A6 /* AWLRenameWindow.h */ = {isa = PBXFileReference; fileEncoding = 4; lastKnownFileType = sourcecode.c.h; path = AWLRenameWindow.h; sourceTree = "<group>"; };
		295DB47319ED47A600F809A6 /* AWLRenameWindow.m */ = {isa = PBXFileReference; fileEncoding = 4; lastKnownFileType = sourcecode.c.objc; path = AWLRenameWindow.m; sourceTree = "<group>"; };
		295DB47519EDCC8C00F809A6 /* AWLInfoWindowController.h */ = {isa = PBXFileReference; fileEncoding = 4; lastKnownFileType = sourcecode.c.h; path = AWLInfoWindowController.h; sourceTree = "<group>"; };
		295DB47619EDCC8C00F809A6 /* AWLInfoWindowController.m */ = {isa = PBXFileReference; fileEncoding = 4; lastKnownFileType = sourcecode.c.objc; path = AWLInfoWindowController.m; sourceTree = "<group>"; };
		295DB47819EDCDAB00F809A6 /* AWLInfoWindowController.xib */ = {isa = PBXFileReference; fileEncoding = 4; lastKnownFileType = file.xib; path = AWLInfoWindowController.xib; sourceTree = "<group>"; };
		296D039A191AC3E200B38771 /* AWLOptionsController.h */ = {isa = PBXFileReference; fileEncoding = 4; lastKnownFileType = sourcecode.c.h; path = AWLOptionsController.h; sourceTree = "<group>"; };
		296D039B191AC3E200B38771 /* AWLOptionsController.m */ = {isa = PBXFileReference; fileEncoding = 4; indentWidth = 4; lastKnownFileType = sourcecode.c.objc; path = AWLOptionsController.m; sourceTree = "<group>"; tabWidth = 4; };
		296D039C191AC3E200B38771 /* AWLOptionsWindow.xib */ = {isa = PBXFileReference; fileEncoding = 4; lastKnownFileType = file.xib; path = AWLOptionsWindow.xib; sourceTree = "<group>"; };
		2988BD04190AF3A7005786C0 /* NSImage+AWLColorPicker.h */ = {isa = PBXFileReference; fileEncoding = 4; lastKnownFileType = sourcecode.c.h; path = "NSImage+AWLColorPicker.h"; sourceTree = "<group>"; };
		2988BD05190AF3A7005786C0 /* NSImage+AWLColorPicker.m */ = {isa = PBXFileReference; fileEncoding = 4; indentWidth = 4; lastKnownFileType = sourcecode.c.objc; path = "NSImage+AWLColorPicker.m"; sourceTree = "<group>"; tabWidth = 4; };
		2988BD07190B2896005786C0 /* NSColor+AWLColorPicker.h */ = {isa = PBXFileReference; fileEncoding = 4; lastKnownFileType = sourcecode.c.h; path = "NSColor+AWLColorPicker.h"; sourceTree = "<group>"; };
		2988BD08190B2896005786C0 /* NSColor+AWLColorPicker.m */ = {isa = PBXFileReference; fileEncoding = 4; indentWidth = 4; lastKnownFileType = sourcecode.c.objc; path = "NSColor+AWLColorPicker.m"; sourceTree = "<group>"; tabWidth = 4; };
		29CFCFE01908508900EF00D8 /* AWLColorPicker.xib */ = {isa = PBXFileReference; fileEncoding = 4; lastKnownFileType = file.xib; path = AWLColorPicker.xib; sourceTree = "<group>"; };
		29CFCFE2190857E300EF00D8 /* AWLColorPicker.h */ = {isa = PBXFileReference; fileEncoding = 4; lastKnownFileType = sourcecode.c.h; path = AWLColorPicker.h; sourceTree = "<group>"; };
		29CFCFE3190857E300EF00D8 /* AWLColorPicker.m */ = {isa = PBXFileReference; fileEncoding = 4; indentWidth = 4; lastKnownFileType = sourcecode.c.objc; path = AWLColorPicker.m; sourceTree = "<group>"; tabWidth = 4; };
		29F6EF7019084617001155D1 /* AWLColorPicker.colorPicker */ = {isa = PBXFileReference; explicitFileType = wrapper.cfbundle; includeInIndex = 0; path = AWLColorPicker.colorPicker; sourceTree = BUILT_PRODUCTS_DIR; };
		29F6EF7319084617001155D1 /* Cocoa.framework */ = {isa = PBXFileReference; lastKnownFileType = wrapper.framework; name = Cocoa.framework; path = System/Library/Frameworks/Cocoa.framework; sourceTree = SDKROOT; };
		29F6EF7619084617001155D1 /* Foundation.framework */ = {isa = PBXFileReference; lastKnownFileType = wrapper.framework; name = Foundation.framework; path = System/Library/Frameworks/Foundation.framework; sourceTree = SDKROOT; };
		29F6EF7719084617001155D1 /* CoreData.framework */ = {isa = PBXFileReference; lastKnownFileType = wrapper.framework; name = CoreData.framework; path = System/Library/Frameworks/CoreData.framework; sourceTree = SDKROOT; };
		29F6EF7819084617001155D1 /* AppKit.framework */ = {isa = PBXFileReference; lastKnownFileType = wrapper.framework; name = AppKit.framework; path = System/Library/Frameworks/AppKit.framework; sourceTree = SDKROOT; };
		29F6EF7B19084617001155D1 /* AWLColorPicker-Info.plist */ = {isa = PBXFileReference; lastKnownFileType = text.plist.xml; path = "AWLColorPicker-Info.plist"; sourceTree = "<group>"; };
		29F6EF7F19084617001155D1 /* AWLColorPicker-Prefix.h */ = {isa = PBXFileReference; lastKnownFileType = sourcecode.c.h; path = "AWLColorPicker-Prefix.h"; sourceTree = "<group>"; };
/* End PBXFileReference section */

/* Begin PBXFrameworksBuildPhase section */
		29F6EF6D19084617001155D1 /* Frameworks */ = {
			isa = PBXFrameworksBuildPhase;
			buildActionMask = 2147483647;
			files = (
				29F6EF7419084617001155D1 /* Cocoa.framework in Frameworks */,
			);
			runOnlyForDeploymentPostprocessing = 0;
		};
/* End PBXFrameworksBuildPhase section */

/* Begin PBXGroup section */
		2988BD03190AF269005786C0 /* Resources */ = {
			isa = PBXGroup;
			children = (
				29CFCFE01908508900EF00D8 /* AWLColorPicker.xib */,
				296D039C191AC3E200B38771 /* AWLOptionsWindow.xib */,
				29043CC619F07B30007B02BC /* AWLPickerImage.png */,
				29043CC819F07B34007B02BC /* AWLPickerImage@2x.png */,
				295DB46D19ED430400F809A6 /* AWLWindowController.xib */,
				294D278F1A0BEC7D00645276 /* AWLPickerIcon@2x.png */,
				294D27901A0BEC7D00645276 /* AWLPickerIcon.png */,
				295DB47819EDCDAB00F809A6 /* AWLInfoWindowController.xib */,
			);
			path = Resources;
			sourceTree = "<group>";
		};
		29F6EF6719084617001155D1 = {
			isa = PBXGroup;
			children = (
				29F6EF7919084617001155D1 /* Classes */,
				2988BD03190AF269005786C0 /* Resources */,
				29F6EF7B19084617001155D1 /* AWLColorPicker-Info.plist */,
				29F6EF7F19084617001155D1 /* AWLColorPicker-Prefix.h */,
				29F6EF7219084617001155D1 /* Frameworks */,
				29F6EF7119084617001155D1 /* Products */,
			);
			sourceTree = "<group>";
		};
		29F6EF7119084617001155D1 /* Products */ = {
			isa = PBXGroup;
			children = (
				29F6EF7019084617001155D1 /* AWLColorPicker.colorPicker */,
			);
			name = Products;
			sourceTree = "<group>";
		};
		29F6EF7219084617001155D1 /* Frameworks */ = {
			isa = PBXGroup;
			children = (
				29F6EF7319084617001155D1 /* Cocoa.framework */,
				29F6EF7519084617001155D1 /* Other Frameworks */,
			);
			name = Frameworks;
			sourceTree = "<group>";
		};
		29F6EF7519084617001155D1 /* Other Frameworks */ = {
			isa = PBXGroup;
			children = (
				29F6EF7619084617001155D1 /* Foundation.framework */,
				29F6EF7719084617001155D1 /* CoreData.framework */,
				29F6EF7819084617001155D1 /* AppKit.framework */,
			);
			name = "Other Frameworks";
			sourceTree = "<group>";
		};
		29F6EF7919084617001155D1 /* Classes */ = {
			isa = PBXGroup;
			children = (
				29CFCFE2190857E300EF00D8 /* AWLColorPicker.h */,
				29CFCFE3190857E300EF00D8 /* AWLColorPicker.m */,
				296D039A191AC3E200B38771 /* AWLOptionsController.h */,
				296D039B191AC3E200B38771 /* AWLOptionsController.m */,
				295DB46F19ED43D000F809A6 /* AWLWindowController.h */,
				295DB47019ED43D000F809A6 /* AWLWindowController.m */,
				295DB47519EDCC8C00F809A6 /* AWLInfoWindowController.h */,
				295DB47619EDCC8C00F809A6 /* AWLInfoWindowController.m */,
				29043C7E19F00087007B02BC /* AWLImageView.h */,
				29043C7F19F00087007B02BC /* AWLImageView.m */,
				2988BD04190AF3A7005786C0 /* NSImage+AWLColorPicker.h */,
				2988BD05190AF3A7005786C0 /* NSImage+AWLColorPicker.m */,
				2988BD07190B2896005786C0 /* NSColor+AWLColorPicker.h */,
				2988BD08190B2896005786C0 /* NSColor+AWLColorPicker.m */,
				295DB47219ED47A600F809A6 /* AWLRenameWindow.h */,
				295DB47319ED47A600F809A6 /* AWLRenameWindow.m */,
			);
			path = Classes;
			sourceTree = "<group>";
		};
/* End PBXGroup section */

/* Begin PBXNativeTarget section */
		29F6EF6F19084617001155D1 /* AWLColorPicker */ = {
			isa = PBXNativeTarget;
			buildConfigurationList = 29F6EF8219084617001155D1 /* Build configuration list for PBXNativeTarget "AWLColorPicker" */;
			buildPhases = (
				29F6EF6C19084617001155D1 /* Sources */,
				29F6EF6D19084617001155D1 /* Frameworks */,
				29F6EF6E19084617001155D1 /* Resources */,
			);
			buildRules = (
			);
			dependencies = (
			);
			name = AWLColorPicker;
			productName = AWLColorPicker;
			productReference = 29F6EF7019084617001155D1 /* AWLColorPicker.colorPicker */;
			productType = "com.apple.product-type.bundle";
		};
/* End PBXNativeTarget section */

/* Begin PBXProject section */
		29F6EF6819084617001155D1 /* Project object */ = {
			isa = PBXProject;
			attributes = {
				LastUpgradeCheck = 0510;
				ORGANIZATIONNAME = WaveLabs;
			};
			buildConfigurationList = 29F6EF6B19084617001155D1 /* Build configuration list for PBXProject "AWLColorPicker" */;
			compatibilityVersion = "Xcode 3.2";
			developmentRegion = English;
			hasScannedForEncodings = 0;
			knownRegions = (
				en,
			);
			mainGroup = 29F6EF6719084617001155D1;
			productRefGroup = 29F6EF7119084617001155D1 /* Products */;
			projectDirPath = "";
			projectRoot = "";
			targets = (
				29F6EF6F19084617001155D1 /* AWLColorPicker */,
			);
		};
/* End PBXProject section */

/* Begin PBXResourcesBuildPhase section */
		29F6EF6E19084617001155D1 /* Resources */ = {
			isa = PBXResourcesBuildPhase;
			buildActionMask = 2147483647;
			files = (
				295DB47919EDCDAB00F809A6 /* AWLInfoWindowController.xib in Resources */,
				29043CC719F07B30007B02BC /* AWLPickerImage.png in Resources */,
				295DB46E19ED430400F809A6 /* AWLWindowController.xib in Resources */,
				29CFCFE11908508900EF00D8 /* AWLColorPicker.xib in Resources */,
				296D039E191AC3E200B38771 /* AWLOptionsWindow.xib in Resources */,
				29043CC919F07B34007B02BC /* AWLPickerImage@2x.png in Resources */,
				294D27911A0BEC7D00645276 /* AWLPickerIcon@2x.png in Resources */,
				294D27921A0BEC7D00645276 /* AWLPickerIcon.png in Resources */,
			);
			runOnlyForDeploymentPostprocessing = 0;
		};
/* End PBXResourcesBuildPhase section */

/* Begin PBXSourcesBuildPhase section */
		29F6EF6C19084617001155D1 /* Sources */ = {
			isa = PBXSourcesBuildPhase;
			buildActionMask = 2147483647;
			files = (
				295DB47719EDCC8C00F809A6 /* AWLInfoWindowController.m in Sources */,
				29CFCFE4190857E300EF00D8 /* AWLColorPicker.m in Sources */,
				2988BD06190AF3A7005786C0 /* NSImage+AWLColorPicker.m in Sources */,
				29043C8019F00087007B02BC /* AWLImageView.m in Sources */,
				295DB47419ED47A600F809A6 /* AWLRenameWindow.m in Sources */,
				295DB47119ED43D000F809A6 /* AWLWindowController.m in Sources */,
				2988BD09190B2896005786C0 /* NSColor+AWLColorPicker.m in Sources */,
				296D039D191AC3E200B38771 /* AWLOptionsController.m in Sources */,
			);
			runOnlyForDeploymentPostprocessing = 0;
		};
/* End PBXSourcesBuildPhase section */

/* Begin XCBuildConfiguration section */
		29F6EF8019084617001155D1 /* Debug */ = {
			isa = XCBuildConfiguration;
			buildSettings = {
				ALWAYS_SEARCH_USER_PATHS = NO;
				CLANG_CXX_LANGUAGE_STANDARD = "gnu++0x";
				CLANG_CXX_LIBRARY = "libc++";
				CLANG_ENABLE_MODULES = YES;
				CLANG_ENABLE_OBJC_ARC = YES;
				CLANG_WARN_BOOL_CONVERSION = YES;
				CLANG_WARN_CONSTANT_CONVERSION = YES;
				CLANG_WARN_DIRECT_OBJC_ISA_USAGE = YES_ERROR;
				CLANG_WARN_EMPTY_BODY = YES;
				CLANG_WARN_ENUM_CONVERSION = YES;
				CLANG_WARN_INT_CONVERSION = YES;
				CLANG_WARN_OBJC_ROOT_CLASS = YES_ERROR;
				CLANG_WARN__DUPLICATE_METHOD_MATCH = YES;
				COPY_PHASE_STRIP = NO;
				DEBUG_INFORMATION_FORMAT = dwarf;
				GCC_C_LANGUAGE_STANDARD = gnu99;
				GCC_DYNAMIC_NO_PIC = NO;
				GCC_ENABLE_OBJC_EXCEPTIONS = YES;
				GCC_OPTIMIZATION_LEVEL = 0;
				GCC_PREPROCESSOR_DEFINITIONS = (
					"DEBUG=1",
					"$(inherited)",
				);
				GCC_SYMBOLS_PRIVATE_EXTERN = NO;
				GCC_WARN_64_TO_32_BIT_CONVERSION = YES;
				GCC_WARN_ABOUT_RETURN_TYPE = YES_ERROR;
				GCC_WARN_UNDECLARED_SELECTOR = YES;
				GCC_WARN_UNINITIALIZED_AUTOS = YES_AGGRESSIVE;
				GCC_WARN_UNUSED_FUNCTION = YES;
				GCC_WARN_UNUSED_VARIABLE = YES;
				MACOSX_DEPLOYMENT_TARGET = 10.9;
				ONLY_ACTIVE_ARCH = YES;
				SDKROOT = macosx;
			};
			name = Debug;
		};
		29F6EF8119084617001155D1 /* Release */ = {
			isa = XCBuildConfiguration;
			buildSettings = {
				ALWAYS_SEARCH_USER_PATHS = NO;
				CLANG_CXX_LANGUAGE_STANDARD = "gnu++0x";
				CLANG_CXX_LIBRARY = "libc++";
				CLANG_ENABLE_MODULES = YES;
				CLANG_ENABLE_OBJC_ARC = YES;
				CLANG_WARN_BOOL_CONVERSION = YES;
				CLANG_WARN_CONSTANT_CONVERSION = YES;
				CLANG_WARN_DIRECT_OBJC_ISA_USAGE = YES_ERROR;
				CLANG_WARN_EMPTY_BODY = YES;
				CLANG_WARN_ENUM_CONVERSION = YES;
				CLANG_WARN_INT_CONVERSION = YES;
				CLANG_WARN_OBJC_ROOT_CLASS = YES_ERROR;
				CLANG_WARN__DUPLICATE_METHOD_MATCH = YES;
				COPY_PHASE_STRIP = YES;
				DEBUG_INFORMATION_FORMAT = "dwarf-with-dsym";
				ENABLE_NS_ASSERTIONS = NO;
				GCC_C_LANGUAGE_STANDARD = gnu99;
				GCC_ENABLE_OBJC_EXCEPTIONS = YES;
				GCC_WARN_64_TO_32_BIT_CONVERSION = YES;
				GCC_WARN_ABOUT_RETURN_TYPE = YES_ERROR;
				GCC_WARN_UNDECLARED_SELECTOR = YES;
				GCC_WARN_UNINITIALIZED_AUTOS = YES_AGGRESSIVE;
				GCC_WARN_UNUSED_FUNCTION = YES;
				GCC_WARN_UNUSED_VARIABLE = YES;
				MACOSX_DEPLOYMENT_TARGET = 10.9;
				SDKROOT = macosx;
			};
			name = Release;
		};
		29F6EF8319084617001155D1 /* Debug */ = {
			isa = XCBuildConfiguration;
			buildSettings = {
				CLANG_WARN_IMPLICIT_SIGN_CONVERSION = YES;
				COMBINE_HIDPI_IMAGES = YES;
				DEPLOYMENT_LOCATION = YES;
				DSTROOT = "$(HOME)";
				GCC_PREFIX_HEADER = "AWLColorPicker-Prefix.h";
				GCC_WARN_ABOUT_MISSING_NEWLINE = YES;
				GCC_WARN_INITIALIZER_NOT_FULLY_BRACKETED = YES;
				GCC_WARN_SHADOW = YES;
				INFOPLIST_FILE = "AWLColorPicker-Info.plist";
				INSTALL_PATH = "$(LOCAL_LIBRARY_DIR)/ColorPickers";
				PRODUCT_NAME = "$(TARGET_NAME)";
				WRAPPER_EXTENSION = colorPicker;
			};
			name = Debug;
		};
		29F6EF8419084617001155D1 /* Release */ = {
			isa = XCBuildConfiguration;
			buildSettings = {
				CLANG_WARN_IMPLICIT_SIGN_CONVERSION = YES;
				COMBINE_HIDPI_IMAGES = YES;
				DEPLOYMENT_LOCATION = YES;
				DSTROOT = "$(HOME)";
				GCC_PREFIX_HEADER = "AWLColorPicker-Prefix.h";
				GCC_WARN_ABOUT_MISSING_NEWLINE = YES;
				GCC_WARN_INITIALIZER_NOT_FULLY_BRACKETED = YES;
				GCC_WARN_SHADOW = YES;
				INFOPLIST_FILE = "AWLColorPicker-Info.plist";
				INSTALL_PATH = "$(LOCAL_LIBRARY_DIR)/ColorPickers";
				PRODUCT_NAME = "$(TARGET_NAME)";
				WRAPPER_EXTENSION = colorPicker;
			};
			name = Release;
		};
/* End XCBuildConfiguration section */

/* Begin XCConfigurationList section */
		29F6EF6B19084617001155D1 /* Build configuration list for PBXProject "AWLColorPicker" */ = {
			isa = XCConfigurationList;
			buildConfigurations = (
				29F6EF8019084617001155D1 /* Debug */,
				29F6EF8119084617001155D1 /* Release */,
			);
			defaultConfigurationIsVisible = 0;
			defaultConfigurationName = Release;
		};
		29F6EF8219084617001155D1 /* Build configuration list for PBXNativeTarget "AWLColorPicker" */ = {
			isa = XCConfigurationList;
			buildConfigurations = (
				29F6EF8319084617001155D1 /* Debug */,
				29F6EF8419084617001155D1 /* Release */,
			);
			defaultConfigurationIsVisible = 0;
			defaultConfigurationName = Release;
		};
/* End XCConfigurationList section */
	};
	rootObject = 29F6EF6819084617001155D1 /* Project object */;
}
